<?xml version="1.0" encoding="utf-8"?>
<Project ToolsVersion="4.0" xmlns="http://schemas.microsoft.com/developer/msbuild/2003">
  <ItemGroup>
    <Filter Include="Server">
      <UniqueIdentifier>{9b7c6f99-990d-4db5-8fba-078cde89867a}</UniqueIdentifier>
    </Filter>
    <Filter Include="PCH">
      <UniqueIdentifier>{1ff23a9e-5593-4a34-84df-9f0e89d2e3ea}</UniqueIdentifier>
    </Filter>
    <Filter Include="Connection">
      <UniqueIdentifier>{f577f295-6017-4338-84cf-4ef9a8ae9f04}</UniqueIdentifier>
    </Filter>
  </ItemGroup>
  <ItemGroup>
    <ClInclude Include="include\Connection.h">
      <Filter>Connection</Filter>
    </ClInclude>
    <ClInclude Include="include\Server.h">
      <Filter>Server</Filter>
    </ClInclude>
    <ClInclude Include="pch\stdafx.h">
      <Filter>PCH</Filter>
    </ClInclude>
  </ItemGroup>
  <ItemGroup>
    <ClCompile Include="pch\stdafx.cpp">
      <Filter>PCH</Filter>
    </ClCompile>
    <ClCompile Include="src\Server.cpp">
      <Filter>Server</Filter>
    </ClCompile>
    <ClCompile Include="src\Connection.cpp">
      <Filter>Connection</Filter>
    </ClCompile>
  </ItemGroup>
</Project>