<?xml version="1.0" encoding="utf-8"?>
<Project ToolsVersion="4.0" xmlns="http://schemas.microsoft.com/developer/msbuild/2003">
  <ItemGroup>
    <Filter Include="Connection">
      <UniqueIdentifier>{a5adbdf9-e191-47a6-ad16-bce8db65e8b7}</UniqueIdentifier>
    </Filter>
    <Filter Include="PCH">
      <UniqueIdentifier>{d0ad563b-c513-430d-a4e3-9dd7d1c1f6a6}</UniqueIdentifier>
    </Filter>
    <Filter Include="Helper">
      <UniqueIdentifier>{8ff3b242-25ed-4a5b-94c3-bf669030840e}</UniqueIdentifier>
    </Filter>
  </ItemGroup>
  <ItemGroup>
    <ClInclude Include="include\FGConnection.h">
      <Filter>Connection</Filter>
    </ClInclude>
    <ClInclude Include="pch\stdafx.h">
      <Filter>PCH</Filter>
    </ClInclude>
    <ClInclude Include="include\FGNetworkSharedHelper.h">
      <Filter>Helper</Filter>
    </ClInclude>
  </ItemGroup>
  <ItemGroup>
    <ClCompile Include="src\FGConnection.cpp">
      <Filter>Connection</Filter>
    </ClCompile>
    <ClCompile Include="pch\stdafx.cpp">
      <Filter>PCH</Filter>
    </ClCompile>
  </ItemGroup>
</Project>